{
  "pins" : [
    {
      "identity" : "purchases-ios",
      "kind" : "remoteSourceControl",
      "location" : "https://github.com/RevenueCat/purchases-ios.git",
      "state" : {
        "revision" : "f7c5738962d14b7800addd2a517270aa66d5ce29",
        "version" : "5.29.0"
      }
    }
  ],
  "version" : 2
}
